{
  "version": 1,
  "dependencies": {
    ".NETFramework,Version=v4.8": {
      "Grasshopper": {
        "type": "Direct",
        "requested": "[7.0.20314.3001, )",
        "resolved": "7.0.20314.3001",
        "contentHash": "8/NnsEbu2sC45ndvXWwvzu7rzj02GHd3/GoPCtHcD6r2iLAIR2xefuyoKt7mpsKra3AQDPMAHoVEA7MYZo2Ecw==",
        "dependencies": {
          "RhinoCommon": "[7.0.20314.3001]"
        }
      },
      "ILRepack.Lib.MSBuild.Task": {
        "type": "Direct",
        "requested": "[2.0.18.1, )",
        "resolved": "2.0.18.1",
        "contentHash": "qZ7CfC96nRO47N3IC5DYtmGCJHUzVPqrGyN6J22Drfvk97u/LK8b/weFSbJPhTv8Z2kL6RkOO/vTL+FJeRovag=="
      },
      "Microsoft.CodeAnalysis.FxCopAnalyzers": {
        "type": "Direct",
        "requested": "[3.3.0, )",
        "resolved": "3.3.0",
        "contentHash": "k3Icqx8kc+NrHImuiB8Jc/wd32Xeyd2B/7HOR5Qu9pyKzXQ4ikPeBAwzG2FSTuYhyIuNWvwL5k9yYBbbVz6w9w==",
        "dependencies": {
          "Microsoft.CodeAnalysis.VersionCheckAnalyzer": "[3.3.0]",
          "Microsoft.CodeQuality.Analyzers": "[3.3.0]",
          "Microsoft.NetCore.Analyzers": "[3.3.0]",
          "Microsoft.NetFramework.Analyzers": "[3.3.0]"
        }
      },
      "ProjNET4GeoAPI": {
        "type": "Direct",
        "requested": "[1.4.1, )",
        "resolved": "1.4.1",
        "contentHash": "Gw1fW7vQpGB23XZJepG9Cvo2bjpPKuddmsb8+Bwap6KYJdEYWwqHIr+6YP3e391h0ksf6t8mzvj3FA0U/7hUfA==",
        "dependencies": {
          "GeoAPI.CoordinateSystems": "1.7.5"
        }
      },
      "RhinoCommon": {
        "type": "Direct",
        "requested": "[7.0.20314.3001, )",
        "resolved": "7.0.20314.3001",
        "contentHash": "uB4NfLaKkQYDLrwfw2YdERr1srOqigPO3d9QoQ5YwkcGB8rDdNhfNwQPW0alNJfTn0n77yGR0S+FSBgXNOfDhw=="
      },
      "StyleCop.Analyzers": {
        "type": "Direct",
        "requested": "[1.1.118, )",
        "resolved": "1.1.118",
        "contentHash": "Onx6ovGSqXSK07n/0eM3ZusiNdB6cIlJdabQhWGgJp3Vooy9AaLS/tigeybOJAobqbtggTamoWndz72JscZBvw=="
      },
      "GeoAPI.CoordinateSystems": {
        "type": "Transitive",
        "resolved": "1.7.5",
        "contentHash": "JBcvkeQFjCW9NTfkII5WiJNmnv0ZtYA/VTVljbIqDFWBJ8kHwu2UHd2MVStD/VVHVnLoyNcDIapsuTENdlyF3g==",
        "dependencies": {
          "GeoAPI.Core": "1.7.5"
        }
      },
      "GeoAPI.Core": {
        "type": "Transitive",
        "resolved": "1.7.5",
        "contentHash": "Dy/YkgZ1szgx+xbVWqMi+4++Fm6v3szbVdei1LKPRZ3meSvgNSMZxqhar5IAeaTj5LcUHLtLGdfyUtkjnYbg3A=="
      },
      "Microsoft.CodeAnalysis.VersionCheckAnalyzer": {
        "type": "Transitive",
        "resolved": "3.3.0",
        "contentHash": "xjLM3DRFZMan3nQyBQEM1mBw6VqQybi4iMJhMFW6Ic1E1GCvqJR3ABOwEL7WtQjDUzxyrGld9bASnAos7G/Xyg=="
      },
      "Microsoft.CodeQuality.Analyzers": {
        "type": "Transitive",
        "resolved": "3.3.0",
        "contentHash": "zZ3miq6u22UFQKhfJyLnVEJ+DgeOopLh3eKJnKAcOetPP2hiv3wa7kHZlBDeTvtqJQiAQhAVbttket8XxjN1zw=="
      },
      "Microsoft.NetCore.Analyzers": {
        "type": "Transitive",
        "resolved": "3.3.0",
        "contentHash": "6qptTHUu1Wfszuf83NhU0IoAb4j7YWOpJs6oc6S4G/nI6aGGWKH/Xi5Vs9L/8lrI74ijEEzPcIwafSQW5ASHtA=="
      },
      "Microsoft.NetFramework.Analyzers": {
        "type": "Transitive",
        "resolved": "3.3.0",
        "contentHash": "JTfMic5fEFWICePbr7GXOGPranqS9Qxu2U/BZEcnnGbK1SFW8TxRyGp6O1L52xsbfOdqmzjc0t5ubhDrjj+Xpg=="
      }
    },
    ".NETFramework,Version=v4.8/win": {},
    ".NETFramework,Version=v4.8/win-x64": {},
    ".NETFramework,Version=v4.8/win-x86": {}
  }
}