{
  "version": 1,
  "dependencies": {
    ".NETFramework,Version=v4.6.2": {
      "Eto.Forms": {
        "type": "Direct",
        "requested": "[2.5.11, )",
        "resolved": "2.5.11",
        "contentHash": "M7NHdVxgicUE8BjpHkZJO+SPSTgcxTg28Xe20FIzHA2s48U7Al0l22hLIwMFE56Ul6e18WMkkAlgnZWuJY0SLg==",
        "dependencies": {
          "System.ComponentModel.Annotations": "4.7.0"
        }
      },
      "Grasshopper": {
        "type": "Direct",
        "requested": "[6.12.19029.6381, )",
        "resolved": "6.12.19029.6381",
        "contentHash": "W98SCvKikWGpWtIxL9VAE5M2jBBFDVZvX0xWnJ2wdVTX05dOXLZ55gz2E1rbSlzTXSGwAi+aKsg4/pKewFd8gw==",
        "dependencies": {
          "RhinoCommon": "[6.12.19029.6381]"
        }
      },
      "Microsoft.CodeAnalysis.FxCopAnalyzers": {
        "type": "Direct",
        "requested": "[3.3.0, )",
        "resolved": "3.3.0",
        "contentHash": "k3Icqx8kc+NrHImuiB8Jc/wd32Xeyd2B/7HOR5Qu9pyKzXQ4ikPeBAwzG2FSTuYhyIuNWvwL5k9yYBbbVz6w9w==",
        "dependencies": {
          "Microsoft.CodeAnalysis.VersionCheckAnalyzer": "[3.3.0]",
          "Microsoft.CodeQuality.Analyzers": "[3.3.0]",
          "Microsoft.NetCore.Analyzers": "[3.3.0]",
          "Microsoft.NetFramework.Analyzers": "[3.3.0]"
        }
      },
      "RhinoCommon": {
        "type": "Direct",
        "requested": "[6.12.19029.6381, )",
        "resolved": "6.12.19029.6381",
        "contentHash": "BcUrws+8VC6dCFORtFpsdKLBT4aQIGN8O991u+5V9YyeJT9lgl+2IFTsPN/QiXLPbNoCUcv3R5ENGAfT14LQtQ=="
      },
      "StyleCop.Analyzers": {
        "type": "Direct",
        "requested": "[1.1.118, )",
        "resolved": "1.1.118",
        "contentHash": "Onx6ovGSqXSK07n/0eM3ZusiNdB6cIlJdabQhWGgJp3Vooy9AaLS/tigeybOJAobqbtggTamoWndz72JscZBvw=="
      },
      "System.ValueTuple": {
        "type": "Direct",
        "requested": "[4.5.0, )",
        "resolved": "4.5.0",
        "contentHash": "okurQJO6NRE/apDIP23ajJ0hpiNmJ+f0BwOlB/cSqTLQlw5upkf+5+96+iG2Jw40G1fCVCyPz/FhIABUjMR+RQ=="
      },
      "Microsoft.CodeAnalysis.VersionCheckAnalyzer": {
        "type": "Transitive",
        "resolved": "3.3.0",
        "contentHash": "xjLM3DRFZMan3nQyBQEM1mBw6VqQybi4iMJhMFW6Ic1E1GCvqJR3ABOwEL7WtQjDUzxyrGld9bASnAos7G/Xyg=="
      },
      "Microsoft.CodeQuality.Analyzers": {
        "type": "Transitive",
        "resolved": "3.3.0",
        "contentHash": "zZ3miq6u22UFQKhfJyLnVEJ+DgeOopLh3eKJnKAcOetPP2hiv3wa7kHZlBDeTvtqJQiAQhAVbttket8XxjN1zw=="
      },
      "Microsoft.NetCore.Analyzers": {
        "type": "Transitive",
        "resolved": "3.3.0",
        "contentHash": "6qptTHUu1Wfszuf83NhU0IoAb4j7YWOpJs6oc6S4G/nI6aGGWKH/Xi5Vs9L/8lrI74ijEEzPcIwafSQW5ASHtA=="
      },
      "Microsoft.NetFramework.Analyzers": {
        "type": "Transitive",
        "resolved": "3.3.0",
        "contentHash": "JTfMic5fEFWICePbr7GXOGPranqS9Qxu2U/BZEcnnGbK1SFW8TxRyGp6O1L52xsbfOdqmzjc0t5ubhDrjj+Xpg=="
      },
      "System.ComponentModel.Annotations": {
        "type": "Transitive",
        "resolved": "4.7.0",
        "contentHash": "0YFqjhp/mYkDGpU0Ye1GjE53HMp9UVfGN7seGpAMttAC0C40v5gw598jCgpbBLMmCo0E5YRLBv5Z2doypO49ZQ=="
      }
    },
    ".NETFramework,Version=v4.6.2/win": {},
    ".NETFramework,Version=v4.6.2/win-x64": {},
    ".NETFramework,Version=v4.6.2/win-x86": {}
  }
}